
Microsoft Visual Studio Solution File, Format Version 12.00
# Visual Studio Version 17
VisualStudioVersion = 17.6.33815.320
MinimumVisualStudioVersion = 10.0.40219.1
Project("{FAE04EC0-301F-11D3-BF4B-00C04F79EFBC}") = "Lab1Ex1", "ConsoleApp1\Lab1Ex1.csproj", "{FCA3661F-C21A-4D6E-AA6F-AC133F160EA4}"
EndProject
Global
	GlobalSection(SolutionConfigurationPlatforms) = preSolution
		Debug|Any CPU = Debug|Any CPU
		Release|Any CPU = Release|Any CPU
	EndGlobalSection
	GlobalSection(ProjectConfigurationPlatforms) = postSolution
		{FCA3661F-C21A-4D6E-AA6F-AC133F160EA4}.Debug|Any CPU.ActiveCfg = Debug|Any CPU
		{FCA3661F-C21A-4D6E-AA6F-AC133F160EA4}.Debug|Any CPU.Build.0 = Debug|Any CPU
		{FCA3661F-C21A-4D6E-AA6F-AC133F160EA4}.Release|Any CPU.ActiveCfg = Release|Any CPU
		{FCA3661F-C21A-4D6E-AA6F-AC133F160EA4}.Release|Any CPU.Build.0 = Release|Any CPU
	EndGlobalSection
	GlobalSection(SolutionProperties) = preSolution
		HideSolutionNode = FALSE
	EndGlobalSection
	GlobalSection(ExtensibilityGlobals) = postSolution
		SolutionGuid = {238F0EA9-6FBA-4783-AF58-6F1107C0ED08}
	EndGlobalSection
EndGlobal
